
Microsoft Visual Studio Solution File, Format Version 12.00
# Visual Studio 15
VisualStudioVersion = 15.0.27428.2037
MinimumVisualStudioVersion = 10.0.40219.1
Project("{FAE04EC0-301F-11D3-BF4B-00C04F79EFBC}") = "TP1", "TP1\TP1.csproj", "{D8F0FC8D-304E-425A-A752-F163AA302FBC}"
EndProject
Global
	GlobalSection(SolutionConfigurationPlatforms) = preSolution
		Debug|Any CPU = Debug|Any CPU
		Release|Any CPU = Release|Any CPU
	EndGlobalSection
	GlobalSection(ProjectConfigurationPlatforms) = postSolution
		{D8F0FC8D-304E-425A-A752-F163AA302FBC}.Debug|Any CPU.ActiveCfg = Debug|Any CPU
		{D8F0FC8D-304E-425A-A752-F163AA302FBC}.Debug|Any CPU.Build.0 = Debug|Any CPU
		{D8F0FC8D-304E-425A-A752-F163AA302FBC}.Release|Any CPU.ActiveCfg = Release|Any CPU
		{D8F0FC8D-304E-425A-A752-F163AA302FBC}.Release|Any CPU.Build.0 = Release|Any CPU
	EndGlobalSection
	GlobalSection(SolutionProperties) = preSolution
		HideSolutionNode = FALSE
	EndGlobalSection
	GlobalSection(ExtensibilityGlobals) = postSolution
		SolutionGuid = {53D20D9D-1F2C-411A-B048-9ABFCFCF4CFD}
	EndGlobalSection
EndGlobal
